// !$*UTF8*$!
{
	archiveVersion = 1;
	classes = {
	};
	objectVersion = 50;
	objects = {

/* Begin PBXBuildFile section */
		AD34F0E120E387B400315E77 /* AppDelegate.swift in Sources */ = {isa = PBXBuildFile; fileRef = AD34F0E020E387B400315E77 /* AppDelegate.swift */; };
		AD34F0E320E387B400315E77 /* ViewController.swift in Sources */ = {isa = PBXBuildFile; fileRef = AD34F0E220E387B400315E77 /* ViewController.swift */; };
		AD34F0E620E387B400315E77 /* Main.storyboard in Resources */ = {isa = PBXBuildFile; fileRef = AD34F0E420E387B400315E77 /* Main.storyboard */; };
		AD34F0E820E387B500315E77 /* Assets.xcassets in Resources */ = {isa = PBXBuildFile; fileRef = AD34F0E720E387B500315E77 /* Assets.xcassets */; };
		AD34F0EB20E387B500315E77 /* LaunchScreen.storyboard in Resources */ = {isa = PBXBuildFile; fileRef = AD34F0E920E387B500315E77 /* LaunchScreen.storyboard */; };
		AD34F0F320E3889800315E77 /* typeSound.mp3 in Resources */ = {isa = PBXBuildFile; fileRef = AD34F0F220E3889800315E77 /* typeSound.mp3 */; };
/* End PBXBuildFile section */

/* Begin PBXFileReference section */
		AD34F0DD20E387B400315E77 /* TypingAnimation.app */ = {isa = PBXFileReference; explicitFileType = wrapper.application; includeInIndex = 0; path = TypingAnimation.app; sourceTree = BUILT_PRODUCTS_DIR; };
		AD34F0E020E387B400315E77 /* AppDelegate.swift */ = {isa = PBXFileReference; lastKnownFileType = sourcecode.swift; path = AppDelegate.swift; sourceTree = "<group>"; };
		AD34F0E220E387B400315E77 /* ViewController.swift */ = {isa = PBXFileReference; lastKnownFileType = sourcecode.swift; path = ViewController.swift; sourceTree = "<group>"; };
		AD34F0E520E387B400315E77 /* Base */ = {isa = PBXFileReference; lastKnownFileType = file.storyboard; name = Base; path = Base.lproj/Main.storyboard; sourceTree = "<group>"; };
		AD34F0E720E387B500315E77 /* Assets.xcassets */ = {isa = PBXFileReference; lastKnownFileType = folder.assetcatalog; path = Assets.xcassets; sourceTree = "<group>"; };
		AD34F0EA20E387B500315E77 /* Base */ = {isa = PBXFileReference; lastKnownFileType = file.storyboard; name = Base; path = Base.lproj/LaunchScreen.storyboard; sourceTree = "<group>"; };
		AD34F0EC20E387B500315E77 /* Info.plist */ = {isa = PBXFileReference; lastKnownFileType = text.plist.xml; path = Info.plist; sourceTree = "<group>"; };
		AD34F0F220E3889800315E77 /* typeSound.mp3 */ = {isa = PBXFileReference; lastKnownFileType = audio.mp3; path = typeSound.mp3; sourceTree = "<group>"; };
/* End PBXFileReference section */

/* Begin PBXFrameworksBuildPhase section */
		AD34F0DA20E387B400315E77 /* Frameworks */ = {
			isa = PBXFrameworksBuildPhase;
			buildActionMask = 2147483647;
			files = (
			);
			runOnlyForDeploymentPostprocessing = 0;
		};
/* End PBXFrameworksBuildPhase section */

/* Begin PBXGroup section */
		AD34F0D420E387B400315E77 = {
			isa = PBXGroup;
			children = (
				AD34F0DF20E387B400315E77 /* TypingAnimation */,
				AD34F0DE20E387B400315E77 /* Products */,
			);
			sourceTree = "<group>";
		};
		AD34F0DE20E387B400315E77 /* Products */ = {
			isa = PBXGroup;
			children = (
				AD34F0DD20E387B400315E77 /* TypingAnimation.app */,
			);
			name = Products;
			sourceTree = "<group>";
		};
		AD34F0DF20E387B400315E77 /* TypingAnimation */ = {
			isa = PBXGroup;
			children = (
				AD34F0F220E3889800315E77 /* typeSound.mp3 */,
				AD34F0E020E387B400315E77 /* AppDelegate.swift */,
				AD34F0E220E387B400315E77 /* ViewController.swift */,
				AD34F0E420E387B400315E77 /* Main.storyboard */,
				AD34F0E720E387B500315E77 /* Assets.xcassets */,
				AD34F0E920E387B500315E77 /* LaunchScreen.storyboard */,
				AD34F0EC20E387B500315E77 /* Info.plist */,
			);
			path = TypingAnimation;
			sourceTree = "<group>";
		};
/* End PBXGroup section */

/* Begin PBXNativeTarget section */
		AD34F0DC20E387B400315E77 /* TypingAnimation */ = {
			isa = PBXNativeTarget;
			buildConfigurationList = AD34F0EF20E387B500315E77 /* Build configuration list for PBXNativeTarget "TypingAnimation" */;
			buildPhases = (
				AD34F0D920E387B400315E77 /* Sources */,
				AD34F0DA20E387B400315E77 /* Frameworks */,
				AD34F0DB20E387B400315E77 /* Resources */,
			);
			buildRules = (
			);
			dependencies = (
			);
			name = TypingAnimation;
			productName = TypingAnimation;
			productReference = AD34F0DD20E387B400315E77 /* TypingAnimation.app */;
			productType = "com.apple.product-type.application";
		};
/* End PBXNativeTarget section */

/* Begin PBXProject section */
		AD34F0D520E387B400315E77 /* Project object */ = {
			isa = PBXProject;
			attributes = {
				LastSwiftUpdateCheck = 1000;
				LastUpgradeCheck = 1000;
				ORGANIZATIONNAME = "Sudhanshu Sudhanshu";
				TargetAttributes = {
					AD34F0DC20E387B400315E77 = {
						CreatedOnToolsVersion = 10.0;
					};
				};
			};
			buildConfigurationList = AD34F0D820E387B400315E77 /* Build configuration list for PBXProject "TypingAnimation" */;
			compatibilityVersion = "Xcode 9.3";
			developmentRegion = en;
			hasScannedForEncodings = 0;
			knownRegions = (
				en,
				Base,
			);
			mainGroup = AD34F0D420E387B400315E77;
			productRefGroup = AD34F0DE20E387B400315E77 /* Products */;
			projectDirPath = "";
			projectRoot = "";
			targets = (
				AD34F0DC20E387B400315E77 /* TypingAnimation */,
			);
		};
/* End PBXProject section */

/* Begin PBXResourcesBuildPhase section */
		AD34F0DB20E387B400315E77 /* Resources */ = {
			isa = PBXResourcesBuildPhase;
			buildActionMask = 2147483647;
			files = (
				AD34F0EB20E387B500315E77 /* LaunchScreen.storyboard in Resources */,
				AD34F0E820E387B500315E77 /* Assets.xcassets in Resources */,
				AD34F0F320E3889800315E77 /* typeSound.mp3 in Resources */,
				AD34F0E620E387B400315E77 /* Main.storyboard in Resources */,
			);
			runOnlyForDeploymentPostprocessing = 0;
		};
/* End PBXResourcesBuildPhase section */

/* Begin PBXSourcesBuildPhase section */
		AD34F0D920E387B400315E77 /* Sources */ = {
			isa = PBXSourcesBuildPhase;
			buildActionMask = 2147483647;
			files = (
				AD34F0E320E387B400315E77 /* ViewController.swift in Sources */,
				AD34F0E120E387B400315E77 /* AppDelegate.swift in Sources */,
			);
			runOnlyForDeploymentPostprocessing = 0;
		};
/* End PBXSourcesBuildPhase section */

/* Begin PBXVariantGroup section */
		AD34F0E420E387B400315E77 /* Main.storyboard */ = {
			isa = PBXVariantGroup;
			children = (
				AD34F0E520E387B400315E77 /* Base */,
			);
			name = Main.storyboard;
			sourceTree = "<group>";
		};
		AD34F0E920E387B500315E77 /* LaunchScreen.storyboard */ = {
			isa = PBXVariantGroup;
			children = (
				AD34F0EA20E387B500315E77 /* Base */,
			);
			name = LaunchScreen.storyboard;
			sourceTree = "<group>";
		};
/* End PBXVariantGroup section */

/* Begin XCBuildConfiguration section */
		AD34F0ED20E387B500315E77 /* Debug */ = {
			isa = XCBuildConfiguration;
			buildSettings = {
				ALWAYS_SEARCH_USER_PATHS = NO;
				CLANG_ANALYZER_NONNULL = YES;
				CLANG_ANALYZER_NUMBER_OBJECT_CONVERSION = YES_AGGRESSIVE;
				CLANG_CXX_LANGUAGE_STANDARD = "gnu++14";
				CLANG_CXX_LIBRARY = "libc++";
				CLANG_ENABLE_MODULES = YES;
				CLANG_ENABLE_OBJC_ARC = YES;
				CLANG_ENABLE_OBJC_WEAK = YES;
				CLANG_WARN_BLOCK_CAPTURE_AUTORELEASING = YES;
				CLANG_WARN_BOOL_CONVERSION = YES;
				CLANG_WARN_COMMA = YES;
				CLANG_WARN_CONSTANT_CONVERSION = YES;
				CLANG_WARN_DEPRECATED_OBJC_IMPLEMENTATIONS = YES;
				CLANG_WARN_DIRECT_OBJC_ISA_USAGE = YES_ERROR;
				CLANG_WARN_DOCUMENTATION_COMMENTS = YES;
				CLANG_WARN_EMPTY_BODY = YES;
				CLANG_WARN_ENUM_CONVERSION = YES;
				CLANG_WARN_INFINITE_RECURSION = YES;
				CLANG_WARN_INT_CONVERSION = YES;
				CLANG_WARN_NON_LITERAL_NULL_CONVERSION = YES;
				CLANG_WARN_OBJC_IMPLICIT_RETAIN_SELF = YES;
				CLANG_WARN_OBJC_LITERAL_CONVERSION = YES;
				CLANG_WARN_OBJC_ROOT_CLASS = YES_ERROR;
				CLANG_WARN_RANGE_LOOP_ANALYSIS = YES;
				CLANG_WARN_STRICT_PROTOTYPES = YES;
				CLANG_WARN_SUSPICIOUS_MOVE = YES;
				CLANG_WARN_UNGUARDED_AVAILABILITY = YES_AGGRESSIVE;
				CLANG_WARN_UNREACHABLE_CODE = YES;
				CLANG_WARN__DUPLICATE_METHOD_MATCH = YES;
				CODE_SIGN_IDENTITY = "iPhone Developer";
				COPY_PHASE_STRIP = NO;
				DEBUG_INFORMATION_FORMAT = dwarf;
				ENABLE_STRICT_OBJC_MSGSEND = YES;
				ENABLE_TESTABILITY = YES;
				GCC_C_LANGUAGE_STANDARD = gnu11;
				GCC_DYNAMIC_NO_PIC = NO;
				GCC_NO_COMMON_BLOCKS = YES;
				GCC_OPTIMIZATION_LEVEL = 0;
				GCC_PREPROCESSOR_DEFINITIONS = (
					"DEBUG=1",
					"$(inherited)",
				);
				GCC_WARN_64_TO_32_BIT_CONVERSION = YES;
				GCC_WARN_ABOUT_RETURN_TYPE = YES_ERROR;
				GCC_WARN_UNDECLARED_SELECTOR = YES;
				GCC_WARN_UNINITIALIZED_AUTOS = YES_AGGRESSIVE;
				GCC_WARN_UNUSED_FUNCTION = YES;
				GCC_WARN_UNUSED_VARIABLE = YES;
				IPHONEOS_DEPLOYMENT_TARGET = 12.0;
				MTL_ENABLE_DEBUG_INFO = INCLUDE_SOURCE;
				ONLY_ACTIVE_ARCH = YES;
				SDKROOT = iphoneos;
				SWIFT_ACTIVE_COMPILATION_CONDITIONS = DEBUG;
				SWIFT_OPTIMIZATION_LEVEL = "-Onone";
			};
			name = Debug;
		};
		AD34F0EE20E387B500315E77 /* Release */ = {
			isa = XCBuildConfiguration;
			buildSettings = {
				ALWAYS_SEARCH_USER_PATHS = NO;
				CLANG_ANALYZER_NONNULL = YES;
				CLANG_ANALYZER_NUMBER_OBJECT_CONVERSION = YES_AGGRESSIVE;
				CLANG_CXX_LANGUAGE_STANDARD = "gnu++14";
				CLANG_CXX_LIBRARY = "libc++";
				CLANG_ENABLE_MODULES = YES;
				CLANG_ENABLE_OBJC_ARC = YES;
				CLANG_ENABLE_OBJC_WEAK = YES;
				CLANG_WARN_BLOCK_CAPTURE_AUTORELEASING = YES;
				CLANG_WARN_BOOL_CONVERSION = YES;
				CLANG_WARN_COMMA = YES;
				CLANG_WARN_CONSTANT_CONVERSION = YES;
				CLANG_WARN_DEPRECATED_OBJC_IMPLEMENTATIONS = YES;
				CLANG_WARN_DIRECT_OBJC_ISA_USAGE = YES_ERROR;
				CLANG_WARN_DOCUMENTATION_COMMENTS = YES;
				CLANG_WARN_EMPTY_BODY = YES;
				CLANG_WARN_ENUM_CONVERSION = YES;
				CLANG_WARN_INFINITE_RECURSION = YES;
				CLANG_WARN_INT_CONVERSION = YES;
				CLANG_WARN_NON_LITERAL_NULL_CONVERSION = YES;
				CLANG_WARN_OBJC_IMPLICIT_RETAIN_SELF = YES;
				CLANG_WARN_OBJC_LITERAL_CONVERSION = YES;
				CLANG_WARN_OBJC_ROOT_CLASS = YES_ERROR;
				CLANG_WARN_RANGE_LOOP_ANALYSIS = YES;
				CLANG_WARN_STRICT_PROTOTYPES = YES;
				CLANG_WARN_SUSPICIOUS_MOVE = YES;
				CLANG_WARN_UNGUARDED_AVAILABILITY = YES_AGGRESSIVE;
				CLANG_WARN_UNREACHABLE_CODE = YES;
				CLANG_WARN__DUPLICATE_METHOD_MATCH = YES;
				CODE_SIGN_IDENTITY = "iPhone Developer";
				COPY_PHASE_STRIP = NO;
				DEBUG_INFORMATION_FORMAT = "dwarf-with-dsym";
				ENABLE_NS_ASSERTIONS = NO;
				ENABLE_STRICT_OBJC_MSGSEND = YES;
				GCC_C_LANGUAGE_STANDARD = gnu11;
				GCC_NO_COMMON_BLOCKS = YES;
				GCC_WARN_64_TO_32_BIT_CONVERSION = YES;
				GCC_WARN_ABOUT_RETURN_TYPE = YES_ERROR;
				GCC_WARN_UNDECLARED_SELECTOR = YES;
				GCC_WARN_UNINITIALIZED_AUTOS = YES_AGGRESSIVE;
				GCC_WARN_UNUSED_FUNCTION = YES;
				GCC_WARN_UNUSED_VARIABLE = YES;
				IPHONEOS_DEPLOYMENT_TARGET = 12.0;
				MTL_ENABLE_DEBUG_INFO = NO;
				SDKROOT = iphoneos;
				SWIFT_COMPILATION_MODE = wholemodule;
				SWIFT_OPTIMIZATION_LEVEL = "-O";
				VALIDATE_PRODUCT = YES;
			};
			name = Release;
		};
		AD34F0F020E387B500315E77 /* Debug */ = {
			isa = XCBuildConfiguration;
			buildSettings = {
				ASSETCATALOG_COMPILER_APPICON_NAME = AppIcon;
				CODE_SIGN_STYLE = Automatic;
				DEVELOPMENT_TEAM = QHEPWB64JP;
				INFOPLIST_FILE = TypingAnimation/Info.plist;
				LD_RUNPATH_SEARCH_PATHS = (
					"$(inherited)",
					"@executable_path/Frameworks",
				);
				PRODUCT_BUNDLE_IDENTIFIER = com.sud.TypingAnimation;
				PRODUCT_NAME = "$(TARGET_NAME)";
				SWIFT_VERSION = 4.2;
				TARGETED_DEVICE_FAMILY = "1,2";
			};
			name = Debug;
		};
		AD34F0F120E387B500315E77 /* Release */ = {
			isa = XCBuildConfiguration;
			buildSettings = {
				ASSETCATALOG_COMPILER_APPICON_NAME = AppIcon;
				CODE_SIGN_STYLE = Automatic;
				DEVELOPMENT_TEAM = QHEPWB64JP;
				INFOPLIST_FILE = TypingAnimation/Info.plist;
				LD_RUNPATH_SEARCH_PATHS = (
					"$(inherited)",
					"@executable_path/Frameworks",
				);
				PRODUCT_BUNDLE_IDENTIFIER = com.sud.TypingAnimation;
				PRODUCT_NAME = "$(TARGET_NAME)";
				SWIFT_VERSION = 4.2;
				TARGETED_DEVICE_FAMILY = "1,2";
			};
			name = Release;
		};
/* End XCBuildConfiguration section */

/* Begin XCConfigurationList section */
		AD34F0D820E387B400315E77 /* Build configuration list for PBXProject "TypingAnimation" */ = {
			isa = XCConfigurationList;
			buildConfigurations = (
				AD34F0ED20E387B500315E77 /* Debug */,
				AD34F0EE20E387B500315E77 /* Release */,
			);
			defaultConfigurationIsVisible = 0;
			defaultConfigurationName = Release;
		};
		AD34F0EF20E387B500315E77 /* Build configuration list for PBXNativeTarget "TypingAnimation" */ = {
			isa = XCConfigurationList;
			buildConfigurations = (
				AD34F0F020E387B500315E77 /* Debug */,
				AD34F0F120E387B500315E77 /* Release */,
			);
			defaultConfigurationIsVisible = 0;
			defaultConfigurationName = Release;
		};
/* End XCConfigurationList section */
	};
	rootObject = AD34F0D520E387B400315E77 /* Project object */;
}
